
Microsoft Visual Studio Solution File, Format Version 12.00
# Visual Studio Version 17
VisualStudioVersion = 17.0.31903.59
MinimumVisualStudioVersion = 10.0.40219.1
Project("{FAE04EC0-301F-11D3-BF4B-00C04F79EFBC}") = "Tradier", "Tradier\Tradier.csproj", "{10C78E04-CC0C-B6B3-4FC3-06589A8193F7}"
EndProject
Project("{2150E333-8FDC-42A3-9474-1A3956D46DE8}") = "docs", "docs", "{02EA681E-C7D8-13C7-8484-4AC65E1B71E8}"
	ProjectSection(SolutionItems) = preProject
		..\docs\README.md = ..\docs\README.md
	EndProjectSection
EndProject
Project("{FAE04EC0-301F-11D3-BF4B-00C04F79EFBC}") = "Tradier.Tests", "Tradier.Tests\Tradier.Tests.csproj", "{AFBAFA6F-0ACE-4981-9C75-FD375FA99BAF}"
EndProject
Global
	GlobalSection(SolutionConfigurationPlatforms) = preSolution
		Debug|Any CPU = Debug|Any CPU
		Release|Any CPU = Release|Any CPU
	EndGlobalSection
	GlobalSection(ProjectConfigurationPlatforms) = postSolution
		{10C78E04-CC0C-B6B3-4FC3-06589A8193F7}.Debug|Any CPU.ActiveCfg = Debug|Any CPU
		{10C78E04-CC0C-B6B3-4FC3-06589A8193F7}.Debug|Any CPU.Build.0 = Debug|Any CPU
		{10C78E04-CC0C-B6B3-4FC3-06589A8193F7}.Release|Any CPU.ActiveCfg = Release|Any CPU
		{10C78E04-CC0C-B6B3-4FC3-06589A8193F7}.Release|Any CPU.Build.0 = Release|Any CPU
		{AFBAFA6F-0ACE-4981-9C75-FD375FA99BAF}.Debug|Any CPU.ActiveCfg = Debug|Any CPU
		{AFBAFA6F-0ACE-4981-9C75-FD375FA99BAF}.Debug|Any CPU.Build.0 = Debug|Any CPU
		{AFBAFA6F-0ACE-4981-9C75-FD375FA99BAF}.Release|Any CPU.ActiveCfg = Release|Any CPU
		{AFBAFA6F-0ACE-4981-9C75-FD375FA99BAF}.Release|Any CPU.Build.0 = Release|Any CPU
	EndGlobalSection
	GlobalSection(SolutionProperties) = preSolution
		HideSolutionNode = FALSE
	EndGlobalSection
	GlobalSection(ExtensibilityGlobals) = postSolution
		SolutionGuid = {53C10487-9888-4B21-B44A-591E84F34904}
	EndGlobalSection
EndGlobal
